// !$*UTF8*$!
{
	archiveVersion = 1;
	classes = {
	};
	objectVersion = 70;
	objects = {

/* Begin PBXBuildFile section */
		422740712C3BF4DC00E7522C /* RelayanceApp.swift in Sources */ = {isa = PBXBuildFile; fileRef = 422740702C3BF4DC00E7522C /* RelayanceApp.swift */; };
		422740752C3BF4DD00E7522C /* Assets.xcassets in Resources */ = {isa = PBXBuildFile; fileRef = 422740742C3BF4DD00E7522C /* Assets.xcassets */; };
		422740782C3BF4DD00E7522C /* Preview Assets.xcassets in Resources */ = {isa = PBXBuildFile; fileRef = 422740772C3BF4DD00E7522C /* Preview Assets.xcassets */; };
		422740EF2C3ECD1500E7522C /* DateExtension.swift in Sources */ = {isa = PBXBuildFile; fileRef = 422740EE2C3ECD1500E7522C /* DateExtension.swift */; };
/* End PBXBuildFile section */

/* Begin PBXContainerItemProxy section */
		3920567E2FE91E6E0001859C /* PBXContainerItemProxy */ = {
			isa = PBXContainerItemProxy;
			containerPortal = 422740652C3BF4DC00E7522C /* Project object */;
			proxyType = 1;
			remoteGlobalIDString = 4227406C2C3BF4DC00E7522C;
			remoteInfo = Relayance;
		};
		39CFBD812FD9EA2C00DAAC16 /* PBXContainerItemProxy */ = {
			isa = PBXContainerItemProxy;
			containerPortal = 422740652C3BF4DC00E7522C /* Project object */;
			proxyType = 1;
			remoteGlobalIDString = 4227406C2C3BF4DC00E7522C;
			remoteInfo = Relayance;
		};
/* End PBXContainerItemProxy section */

/* Begin PBXFileReference section */
		392056782FE91E6E0001859C /* RelayanceUITests.xctest */ = {isa = PBXFileReference; explicitFileType = wrapper.cfbundle; includeInIndex = 0; path = RelayanceUITests.xctest; sourceTree = BUILT_PRODUCTS_DIR; };
		39CFBD6B2FD9E9FC00DAAC16 /* Relayance.xctestplan */ = {isa = PBXFileReference; lastKnownFileType = text; path = Relayance.xctestplan; sourceTree = "<group>"; };
		39CFBD7D2FD9EA2C00DAAC16 /* RelayanceTests.xctest */ = {isa = PBXFileReference; explicitFileType = wrapper.cfbundle; includeInIndex = 0; path = RelayanceTests.xctest; sourceTree = BUILT_PRODUCTS_DIR; };
		4227406D2C3BF4DC00E7522C /* Relayance.app */ = {isa = PBXFileReference; explicitFileType = wrapper.application; includeInIndex = 0; path = Relayance.app; sourceTree = BUILT_PRODUCTS_DIR; };
		422740702C3BF4DC00E7522C /* RelayanceApp.swift */ = {isa = PBXFileReference; lastKnownFileType = sourcecode.swift; path = RelayanceApp.swift; sourceTree = "<group>"; };
		422740742C3BF4DD00E7522C /* Assets.xcassets */ = {isa = PBXFileReference; lastKnownFileType = folder.assetcatalog; path = Assets.xcassets; sourceTree = "<group>"; };
		422740772C3BF4DD00E7522C /* Preview Assets.xcassets */ = {isa = PBXFileReference; lastKnownFileType = folder.assetcatalog; path = "Preview Assets.xcassets"; sourceTree = "<group>"; };
		422740EE2C3ECD1500E7522C /* DateExtension.swift */ = {isa = PBXFileReference; lastKnownFileType = sourcecode.swift; path = DateExtension.swift; sourceTree = "<group>"; };
/* End PBXFileReference section */

/* Begin PBXFileSystemSynchronizedRootGroup section */
		392056792FE91E6E0001859C /* RelayanceUITests */ = {isa = PBXFileSystemSynchronizedRootGroup; explicitFileTypes = {}; explicitFolders = (); path = RelayanceUITests; sourceTree = "<group>"; };
		39CFBD462FD9E36100DAAC16 /* Model */ = {isa = PBXFileSystemSynchronizedRootGroup; explicitFileTypes = {}; explicitFolders = (); path = Model; sourceTree = "<group>"; };
		39CFBD472FD9E39E00DAAC16 /* View */ = {isa = PBXFileSystemSynchronizedRootGroup; explicitFileTypes = {}; explicitFolders = (); path = View; sourceTree = "<group>"; };
		39CFBD482FD9E3AC00DAAC16 /* ViewModel */ = {isa = PBXFileSystemSynchronizedRootGroup; explicitFileTypes = {}; explicitFolders = (); path = ViewModel; sourceTree = "<group>"; };
		39CFBD7E2FD9EA2C00DAAC16 /* RelayanceTests */ = {isa = PBXFileSystemSynchronizedRootGroup; explicitFileTypes = {}; explicitFolders = (); path = RelayanceTests; sourceTree = "<group>"; };
/* End PBXFileSystemSynchronizedRootGroup section */

/* Begin PBXFrameworksBuildPhase section */
		392056752FE91E6E0001859C /* Frameworks */ = {
			isa = PBXFrameworksBuildPhase;
			buildActionMask = 2147483647;
			files = (
			);
			runOnlyForDeploymentPostprocessing = 0;
		};
		39CFBD7A2FD9EA2C00DAAC16 /* Frameworks */ = {
			isa = PBXFrameworksBuildPhase;
			buildActionMask = 2147483647;
			files = (
			);
			runOnlyForDeploymentPostprocessing = 0;
		};
		4227406A2C3BF4DC00E7522C /* Frameworks */ = {
			isa = PBXFrameworksBuildPhase;
			buildActionMask = 2147483647;
			files = (
			);
			runOnlyForDeploymentPostprocessing = 0;
		};
/* End PBXFrameworksBuildPhase section */

/* Begin PBXGroup section */
		422740642C3BF4DC00E7522C = {
			isa = PBXGroup;
			children = (
				39CFBD6B2FD9E9FC00DAAC16 /* Relayance.xctestplan */,
				4227406F2C3BF4DC00E7522C /* Relayance */,
				39CFBD7E2FD9EA2C00DAAC16 /* RelayanceTests */,
				392056792FE91E6E0001859C /* RelayanceUITests */,
				4227406E2C3BF4DC00E7522C /* Products */,
			);
			sourceTree = "<group>";
		};
		4227406E2C3BF4DC00E7522C /* Products */ = {
			isa = PBXGroup;
			children = (
				4227406D2C3BF4DC00E7522C /* Relayance.app */,
				39CFBD7D2FD9EA2C00DAAC16 /* RelayanceTests.xctest */,
				392056782FE91E6E0001859C /* RelayanceUITests.xctest */,
			);
			name = Products;
			sourceTree = "<group>";
		};
		4227406F2C3BF4DC00E7522C /* Relayance */ = {
			isa = PBXGroup;
			children = (
				39CFBD482FD9E3AC00DAAC16 /* ViewModel */,
				39CFBD462FD9E36100DAAC16 /* Model */,
				422740EE2C3ECD1500E7522C /* DateExtension.swift */,
				422740702C3BF4DC00E7522C /* RelayanceApp.swift */,
				422740742C3BF4DD00E7522C /* Assets.xcassets */,
				422740762C3BF4DD00E7522C /* Preview Content */,
				39CFBD472FD9E39E00DAAC16 /* View */,
			);
			path = Relayance;
			sourceTree = "<group>";
		};
		422740762C3BF4DD00E7522C /* Preview Content */ = {
			isa = PBXGroup;
			children = (
				422740772C3BF4DD00E7522C /* Preview Assets.xcassets */,
			);
			path = "Preview Content";
			sourceTree = "<group>";
		};
/* End PBXGroup section */

/* Begin PBXNativeTarget section */
		392056772FE91E6E0001859C /* RelayanceUITests */ = {
			isa = PBXNativeTarget;
			buildConfigurationList = 392056822FE91E6E0001859C /* Build configuration list for PBXNativeTarget "RelayanceUITests" */;
			buildPhases = (
				392056742FE91E6E0001859C /* Sources */,
				392056752FE91E6E0001859C /* Frameworks */,
				392056762FE91E6E0001859C /* Resources */,
			);
			buildRules = (
			);
			dependencies = (
				3920567F2FE91E6E0001859C /* PBXTargetDependency */,
			);
			fileSystemSynchronizedGroups = (
				392056792FE91E6E0001859C /* RelayanceUITests */,
			);
			name = RelayanceUITests;
			packageProductDependencies = (
			);
			productName = RelayanceUITests;
			productReference = 392056782FE91E6E0001859C /* RelayanceUITests.xctest */;
			productType = "com.apple.product-type.bundle.ui-testing";
		};
		39CFBD7C2FD9EA2C00DAAC16 /* RelayanceTests */ = {
			isa = PBXNativeTarget;
			buildConfigurationList = 39CFBD832FD9EA2C00DAAC16 /* Build configuration list for PBXNativeTarget "RelayanceTests" */;
			buildPhases = (
				39CFBD792FD9EA2C00DAAC16 /* Sources */,
				39CFBD7A2FD9EA2C00DAAC16 /* Frameworks */,
				39CFBD7B2FD9EA2C00DAAC16 /* Resources */,
			);
			buildRules = (
			);
			dependencies = (
				39CFBD822FD9EA2C00DAAC16 /* PBXTargetDependency */,
			);
			fileSystemSynchronizedGroups = (
				39CFBD7E2FD9EA2C00DAAC16 /* RelayanceTests */,
			);
			name = RelayanceTests;
			packageProductDependencies = (
			);
			productName = RelayanceTests;
			productReference = 39CFBD7D2FD9EA2C00DAAC16 /* RelayanceTests.xctest */;
			productType = "com.apple.product-type.bundle.unit-test";
		};
		4227406C2C3BF4DC00E7522C /* Relayance */ = {
			isa = PBXNativeTarget;
			buildConfigurationList = 422740912C3BF4DD00E7522C /* Build configuration list for PBXNativeTarget "Relayance" */;
			buildPhases = (
				422740692C3BF4DC00E7522C /* Sources */,
				4227406A2C3BF4DC00E7522C /* Frameworks */,
				4227406B2C3BF4DC00E7522C /* Resources */,
				39F4E7D32FD840DF0083A6B0 /* ShellScript */,
			);
			buildRules = (
			);
			dependencies = (
			);
			fileSystemSynchronizedGroups = (
				39CFBD462FD9E36100DAAC16 /* Model */,
				39CFBD472FD9E39E00DAAC16 /* View */,
				39CFBD482FD9E3AC00DAAC16 /* ViewModel */,
			);
			name = Relayance;
			productName = Relayance;
			productReference = 4227406D2C3BF4DC00E7522C /* Relayance.app */;
			productType = "com.apple.product-type.application";
		};
/* End PBXNativeTarget section */

/* Begin PBXProject section */
		422740652C3BF4DC00E7522C /* Project object */ = {
			isa = PBXProject;
			attributes = {
				BuildIndependentTargetsInParallel = 1;
				LastSwiftUpdateCheck = 2650;
				LastUpgradeCheck = 2650;
				TargetAttributes = {
					392056772FE91E6E0001859C = {
						CreatedOnToolsVersion = 26.5;
						TestTargetID = 4227406C2C3BF4DC00E7522C;
					};
					39CFBD7C2FD9EA2C00DAAC16 = {
						CreatedOnToolsVersion = 26.5;
						LastSwiftMigration = 2650;
						TestTargetID = 4227406C2C3BF4DC00E7522C;
					};
					4227406C2C3BF4DC00E7522C = {
						CreatedOnToolsVersion = 15.4;
					};
				};
			};
			buildConfigurationList = 422740682C3BF4DC00E7522C /* Build configuration list for PBXProject "Relayance" */;
			compatibilityVersion = "Xcode 14.0";
			developmentRegion = en;
			hasScannedForEncodings = 0;
			knownRegions = (
				en,
				Base,
			);
			mainGroup = 422740642C3BF4DC00E7522C;
			productRefGroup = 4227406E2C3BF4DC00E7522C /* Products */;
			projectDirPath = "";
			projectRoot = "";
			targets = (
				4227406C2C3BF4DC00E7522C /* Relayance */,
				39CFBD7C2FD9EA2C00DAAC16 /* RelayanceTests */,
				392056772FE91E6E0001859C /* RelayanceUITests */,
			);
		};
/* End PBXProject section */

/* Begin PBXResourcesBuildPhase section */
		392056762FE91E6E0001859C /* Resources */ = {
			isa = PBXResourcesBuildPhase;
			buildActionMask = 2147483647;
			files = (
			);
			runOnlyForDeploymentPostprocessing = 0;
		};
		39CFBD7B2FD9EA2C00DAAC16 /* Resources */ = {
			isa = PBXResourcesBuildPhase;
			buildActionMask = 2147483647;
			files = (
			);
			runOnlyForDeploymentPostprocessing = 0;
		};
		4227406B2C3BF4DC00E7522C /* Resources */ = {
			isa = PBXResourcesBuildPhase;
			buildActionMask = 2147483647;
			files = (
				422740782C3BF4DD00E7522C /* Preview Assets.xcassets in Resources */,
				422740752C3BF4DD00E7522C /* Assets.xcassets in Resources */,
			);
			runOnlyForDeploymentPostprocessing = 0;
		};
/* End PBXResourcesBuildPhase section */

/* Begin PBXShellScriptBuildPhase section */
		39F4E7D32FD840DF0083A6B0 /* ShellScript */ = {
			isa = PBXShellScriptBuildPhase;
			alwaysOutOfDate = 1;
			buildActionMask = 2147483647;
			files = (
			);
			inputFileListPaths = (
			);
			inputPaths = (
			);
			outputFileListPaths = (
			);
			outputPaths = (
			);
			runOnlyForDeploymentPostprocessing = 0;
			shellPath = /bin/sh;
			shellScript = "# /opt/homebrew/bin/swiftlint\n";
		};
/* End PBXShellScriptBuildPhase section */

/* Begin PBXSourcesBuildPhase section */
		392056742FE91E6E0001859C /* Sources */ = {
			isa = PBXSourcesBuildPhase;
			buildActionMask = 2147483647;
			files = (
			);
			runOnlyForDeploymentPostprocessing = 0;
		};
		39CFBD792FD9EA2C00DAAC16 /* Sources */ = {
			isa = PBXSourcesBuildPhase;
			buildActionMask = 2147483647;
			files = (
			);
			runOnlyForDeploymentPostprocessing = 0;
		};
		422740692C3BF4DC00E7522C /* Sources */ = {
			isa = PBXSourcesBuildPhase;
			buildActionMask = 2147483647;
			files = (
				422740EF2C3ECD1500E7522C /* DateExtension.swift in Sources */,
				422740712C3BF4DC00E7522C /* RelayanceApp.swift in Sources */,
			);
			runOnlyForDeploymentPostprocessing = 0;
		};
/* End PBXSourcesBuildPhase section */

/* Begin PBXTargetDependency section */
		3920567F2FE91E6E0001859C /* PBXTargetDependency */ = {
			isa = PBXTargetDependency;
			target = 4227406C2C3BF4DC00E7522C /* Relayance */;
			targetProxy = 3920567E2FE91E6E0001859C /* PBXContainerItemProxy */;
		};
		39CFBD822FD9EA2C00DAAC16 /* PBXTargetDependency */ = {
			isa = PBXTargetDependency;
			target = 4227406C2C3BF4DC00E7522C /* Relayance */;
			targetProxy = 39CFBD812FD9EA2C00DAAC16 /* PBXContainerItemProxy */;
		};
/* End PBXTargetDependency section */

/* Begin XCBuildConfiguration section */
		392056802FE91E6E0001859C /* Debug */ = {
			isa = XCBuildConfiguration;
			buildSettings = {
				CODE_SIGN_STYLE = Automatic;
				CURRENT_PROJECT_VERSION = 1;
				DEVELOPMENT_TEAM = DBTB3WLHP5;
				GENERATE_INFOPLIST_FILE = YES;
				IPHONEOS_DEPLOYMENT_TARGET = 26.5;
				MARKETING_VERSION = 1.0;
				PRODUCT_BUNDLE_IDENTIFIER = eu.myk8s.RelayanceUITests;
				PRODUCT_NAME = "$(TARGET_NAME)";
				STRING_CATALOG_GENERATE_SYMBOLS = NO;
				SWIFT_APPROACHABLE_CONCURRENCY = YES;
				SWIFT_EMIT_LOC_STRINGS = NO;
				SWIFT_UPCOMING_FEATURE_MEMBER_IMPORT_VISIBILITY = YES;
				SWIFT_VERSION = 5.0;
				TARGETED_DEVICE_FAMILY = "1,2";
				TEST_TARGET_NAME = Relayance;
			};
			name = Debug;
		};
		392056812FE91E6E0001859C /* Release */ = {
			isa = XCBuildConfiguration;
			buildSettings = {
				CODE_SIGN_STYLE = Automatic;
				CURRENT_PROJECT_VERSION = 1;
				DEVELOPMENT_TEAM = DBTB3WLHP5;
				GENERATE_INFOPLIST_FILE = YES;
				IPHONEOS_DEPLOYMENT_TARGET = 26.5;
				MARKETING_VERSION = 1.0;
				PRODUCT_BUNDLE_IDENTIFIER = eu.myk8s.RelayanceUITests;
				PRODUCT_NAME = "$(TARGET_NAME)";
				STRING_CATALOG_GENERATE_SYMBOLS = NO;
				SWIFT_APPROACHABLE_CONCURRENCY = YES;
				SWIFT_EMIT_LOC_STRINGS = NO;
				SWIFT_UPCOMING_FEATURE_MEMBER_IMPORT_VISIBILITY = YES;
				SWIFT_VERSION = 5.0;
				TARGETED_DEVICE_FAMILY = "1,2";
				TEST_TARGET_NAME = Relayance;
			};
			name = Release;
		};
		39CFBD842FD9EA2C00DAAC16 /* Debug */ = {
			isa = XCBuildConfiguration;
			buildSettings = {
				BUNDLE_LOADER = "$(TEST_HOST)";
				CLANG_ENABLE_MODULES = YES;
				CODE_SIGN_STYLE = Automatic;
				CURRENT_PROJECT_VERSION = 1;
				DEVELOPMENT_TEAM = DBTB3WLHP5;
				GENERATE_INFOPLIST_FILE = YES;
				IPHONEOS_DEPLOYMENT_TARGET = 26.5;
				MARKETING_VERSION = 1.0;
				PRODUCT_BUNDLE_IDENTIFIER = eu.myk8s.RelayanceTests;
				PRODUCT_NAME = "$(TARGET_NAME)";
				STRING_CATALOG_GENERATE_SYMBOLS = NO;
				SWIFT_APPROACHABLE_CONCURRENCY = YES;
				SWIFT_EMIT_LOC_STRINGS = NO;
				SWIFT_OPTIMIZATION_LEVEL = "-Onone";
				SWIFT_UPCOMING_FEATURE_MEMBER_IMPORT_VISIBILITY = YES;
				SWIFT_VERSION = 5.0;
				TARGETED_DEVICE_FAMILY = "1,2";
				TEST_HOST = "$(BUILT_PRODUCTS_DIR)/Relayance.app/$(BUNDLE_EXECUTABLE_FOLDER_PATH)/Relayance";
			};
			name = Debug;
		};
		39CFBD852FD9EA2C00DAAC16 /* Release */ = {
			isa = XCBuildConfiguration;
			buildSettings = {
				BUNDLE_LOADER = "$(TEST_HOST)";
				CLANG_ENABLE_MODULES = YES;
				CODE_SIGN_STYLE = Automatic;
				CURRENT_PROJECT_VERSION = 1;
				DEVELOPMENT_TEAM = DBTB3WLHP5;
				GENERATE_INFOPLIST_FILE = YES;
				IPHONEOS_DEPLOYMENT_TARGET = 26.5;
				MARKETING_VERSION = 1.0;
				PRODUCT_BUNDLE_IDENTIFIER = eu.myk8s.RelayanceTests;
				PRODUCT_NAME = "$(TARGET_NAME)";
				STRING_CATALOG_GENERATE_SYMBOLS = NO;
				SWIFT_APPROACHABLE_CONCURRENCY = YES;
				SWIFT_EMIT_LOC_STRINGS = NO;
				SWIFT_UPCOMING_FEATURE_MEMBER_IMPORT_VISIBILITY = YES;
				SWIFT_VERSION = 5.0;
				TARGETED_DEVICE_FAMILY = "1,2";
				TEST_HOST = "$(BUILT_PRODUCTS_DIR)/Relayance.app/$(BUNDLE_EXECUTABLE_FOLDER_PATH)/Relayance";
			};
			name = Release;
		};
		4227408F2C3BF4DD00E7522C /* Debug */ = {
			isa = XCBuildConfiguration;
			buildSettings = {
				ALWAYS_SEARCH_USER_PATHS = NO;
				ASSETCATALOG_COMPILER_GENERATE_SWIFT_ASSET_SYMBOL_EXTENSIONS = YES;
				CLANG_ANALYZER_NONNULL = YES;
				CLANG_ANALYZER_NUMBER_OBJECT_CONVERSION = YES_AGGRESSIVE;
				CLANG_CXX_LANGUAGE_STANDARD = "gnu++20";
				CLANG_ENABLE_MODULES = YES;
				CLANG_ENABLE_OBJC_ARC = YES;
				CLANG_ENABLE_OBJC_WEAK = YES;
				CLANG_WARN_BLOCK_CAPTURE_AUTORELEASING = YES;
				CLANG_WARN_BOOL_CONVERSION = YES;
				CLANG_WARN_COMMA = YES;
				CLANG_WARN_CONSTANT_CONVERSION = YES;
				CLANG_WARN_DEPRECATED_OBJC_IMPLEMENTATIONS = YES;
				CLANG_WARN_DIRECT_OBJC_ISA_USAGE = YES_ERROR;
				CLANG_WARN_DOCUMENTATION_COMMENTS = YES;
				CLANG_WARN_EMPTY_BODY = YES;
				CLANG_WARN_ENUM_CONVERSION = YES;
				CLANG_WARN_INFINITE_RECURSION = YES;
				CLANG_WARN_INT_CONVERSION = YES;
				CLANG_WARN_NON_LITERAL_NULL_CONVERSION = YES;
				CLANG_WARN_OBJC_IMPLICIT_RETAIN_SELF = YES;
				CLANG_WARN_OBJC_LITERAL_CONVERSION = YES;
				CLANG_WARN_OBJC_ROOT_CLASS = YES_ERROR;
				CLANG_WARN_QUOTED_INCLUDE_IN_FRAMEWORK_HEADER = YES;
				CLANG_WARN_RANGE_LOOP_ANALYSIS = YES;
				CLANG_WARN_STRICT_PROTOTYPES = YES;
				CLANG_WARN_SUSPICIOUS_MOVE = YES;
				CLANG_WARN_UNGUARDED_AVAILABILITY = YES_AGGRESSIVE;
				CLANG_WARN_UNREACHABLE_CODE = YES;
				CLANG_WARN__DUPLICATE_METHOD_MATCH = YES;
				COPY_PHASE_STRIP = NO;
				DEBUG_INFORMATION_FORMAT = dwarf;
				ENABLE_STRICT_OBJC_MSGSEND = YES;
				ENABLE_TESTABILITY = YES;
				ENABLE_USER_SCRIPT_SANDBOXING = YES;
				GCC_C_LANGUAGE_STANDARD = gnu17;
				GCC_DYNAMIC_NO_PIC = NO;
				GCC_NO_COMMON_BLOCKS = YES;
				GCC_OPTIMIZATION_LEVEL = 0;
				GCC_PREPROCESSOR_DEFINITIONS = (
					"DEBUG=1",
					"$(inherited)",
				);
				GCC_WARN_64_TO_32_BIT_CONVERSION = YES;
				GCC_WARN_ABOUT_RETURN_TYPE = YES_ERROR;
				GCC_WARN_UNDECLARED_SELECTOR = YES;
				GCC_WARN_UNINITIALIZED_AUTOS = YES_AGGRESSIVE;
				GCC_WARN_UNUSED_FUNCTION = YES;
				GCC_WARN_UNUSED_VARIABLE = YES;
				IPHONEOS_DEPLOYMENT_TARGET = 17.5;
				LOCALIZATION_PREFERS_STRING_CATALOGS = YES;
				MTL_ENABLE_DEBUG_INFO = INCLUDE_SOURCE;
				MTL_FAST_MATH = YES;
				ONLY_ACTIVE_ARCH = YES;
				SDKROOT = iphoneos;
				STRING_CATALOG_GENERATE_SYMBOLS = YES;
				SWIFT_ACTIVE_COMPILATION_CONDITIONS = "DEBUG $(inherited)";
				SWIFT_OPTIMIZATION_LEVEL = "-Onone";
			};
			name = Debug;
		};
		422740902C3BF4DD00E7522C /* Release */ = {
			isa = XCBuildConfiguration;
			buildSettings = {
				ALWAYS_SEARCH_USER_PATHS = NO;
				ASSETCATALOG_COMPILER_GENERATE_SWIFT_ASSET_SYMBOL_EXTENSIONS = YES;
				CLANG_ANALYZER_NONNULL = YES;
				CLANG_ANALYZER_NUMBER_OBJECT_CONVERSION = YES_AGGRESSIVE;
				CLANG_CXX_LANGUAGE_STANDARD = "gnu++20";
				CLANG_ENABLE_MODULES = YES;
				CLANG_ENABLE_OBJC_ARC = YES;
				CLANG_ENABLE_OBJC_WEAK = YES;
				CLANG_WARN_BLOCK_CAPTURE_AUTORELEASING = YES;
				CLANG_WARN_BOOL_CONVERSION = YES;
				CLANG_WARN_COMMA = YES;
				CLANG_WARN_CONSTANT_CONVERSION = YES;
				CLANG_WARN_DEPRECATED_OBJC_IMPLEMENTATIONS = YES;
				CLANG_WARN_DIRECT_OBJC_ISA_USAGE = YES_ERROR;
				CLANG_WARN_DOCUMENTATION_COMMENTS = YES;
				CLANG_WARN_EMPTY_BODY = YES;
				CLANG_WARN_ENUM_CONVERSION = YES;
				CLANG_WARN_INFINITE_RECURSION = YES;
				CLANG_WARN_INT_CONVERSION = YES;
				CLANG_WARN_NON_LITERAL_NULL_CONVERSION = YES;
				CLANG_WARN_OBJC_IMPLICIT_RETAIN_SELF = YES;
				CLANG_WARN_OBJC_LITERAL_CONVERSION = YES;
				CLANG_WARN_OBJC_ROOT_CLASS = YES_ERROR;
				CLANG_WARN_QUOTED_INCLUDE_IN_FRAMEWORK_HEADER = YES;
				CLANG_WARN_RANGE_LOOP_ANALYSIS = YES;
				CLANG_WARN_STRICT_PROTOTYPES = YES;
				CLANG_WARN_SUSPICIOUS_MOVE = YES;
				CLANG_WARN_UNGUARDED_AVAILABILITY = YES_AGGRESSIVE;
				CLANG_WARN_UNREACHABLE_CODE = YES;
				CLANG_WARN__DUPLICATE_METHOD_MATCH = YES;
				COPY_PHASE_STRIP = NO;
				DEBUG_INFORMATION_FORMAT = "dwarf-with-dsym";
				ENABLE_NS_ASSERTIONS = NO;
				ENABLE_STRICT_OBJC_MSGSEND = YES;
				ENABLE_USER_SCRIPT_SANDBOXING = YES;
				GCC_C_LANGUAGE_STANDARD = gnu17;
				GCC_NO_COMMON_BLOCKS = YES;
				GCC_WARN_64_TO_32_BIT_CONVERSION = YES;
				GCC_WARN_ABOUT_RETURN_TYPE = YES_ERROR;
				GCC_WARN_UNDECLARED_SELECTOR = YES;
				GCC_WARN_UNINITIALIZED_AUTOS = YES_AGGRESSIVE;
				GCC_WARN_UNUSED_FUNCTION = YES;
				GCC_WARN_UNUSED_VARIABLE = YES;
				IPHONEOS_DEPLOYMENT_TARGET = 17.5;
				LOCALIZATION_PREFERS_STRING_CATALOGS = YES;
				MTL_ENABLE_DEBUG_INFO = NO;
				MTL_FAST_MATH = YES;
				SDKROOT = iphoneos;
				STRING_CATALOG_GENERATE_SYMBOLS = YES;
				SWIFT_COMPILATION_MODE = wholemodule;
				VALIDATE_PRODUCT = YES;
			};
			name = Release;
		};
		422740922C3BF4DD00E7522C /* Debug */ = {
			isa = XCBuildConfiguration;
			buildSettings = {
				ASSETCATALOG_COMPILER_APPICON_NAME = AppIcon;
				ASSETCATALOG_COMPILER_GLOBAL_ACCENT_COLOR_NAME = AccentColor;
				CODE_SIGN_STYLE = Automatic;
				CURRENT_PROJECT_VERSION = 1;
				DEVELOPMENT_ASSET_PATHS = "\"Relayance/Preview Content\"";
				DEVELOPMENT_TEAM = DBTB3WLHP5;
				ENABLE_PREVIEWS = YES;
				ENABLE_USER_SCRIPT_SANDBOXING = NO;
				GENERATE_INFOPLIST_FILE = YES;
				INFOPLIST_KEY_UIApplicationSceneManifest_Generation = YES;
				INFOPLIST_KEY_UIApplicationSupportsIndirectInputEvents = YES;
				INFOPLIST_KEY_UILaunchScreen_Generation = YES;
				INFOPLIST_KEY_UISupportedInterfaceOrientations_iPad = "UIInterfaceOrientationPortrait UIInterfaceOrientationPortraitUpsideDown UIInterfaceOrientationLandscapeLeft UIInterfaceOrientationLandscapeRight";
				INFOPLIST_KEY_UISupportedInterfaceOrientations_iPhone = "UIInterfaceOrientationPortrait UIInterfaceOrientationLandscapeLeft UIInterfaceOrientationLandscapeRight";
				IPHONEOS_DEPLOYMENT_TARGET = 26.0;
				LD_RUNPATH_SEARCH_PATHS = (
					"$(inherited)",
					"@executable_path/Frameworks",
				);
				MARKETING_VERSION = 1.0;
				PRODUCT_BUNDLE_IDENTIFIER = eu.myk8s;
				PRODUCT_NAME = "$(TARGET_NAME)";
				SWIFT_EMIT_LOC_STRINGS = YES;
				SWIFT_VERSION = 5.0;
				TARGETED_DEVICE_FAMILY = "1,2";
			};
			name = Debug;
		};
		422740932C3BF4DD00E7522C /* Release */ = {
			isa = XCBuildConfiguration;
			buildSettings = {
				ASSETCATALOG_COMPILER_APPICON_NAME = AppIcon;
				ASSETCATALOG_COMPILER_GLOBAL_ACCENT_COLOR_NAME = AccentColor;
				CODE_SIGN_STYLE = Automatic;
				CURRENT_PROJECT_VERSION = 1;
				DEVELOPMENT_ASSET_PATHS = "\"Relayance/Preview Content\"";
				DEVELOPMENT_TEAM = DBTB3WLHP5;
				ENABLE_PREVIEWS = YES;
				ENABLE_USER_SCRIPT_SANDBOXING = NO;
				GENERATE_INFOPLIST_FILE = YES;
				INFOPLIST_KEY_UIApplicationSceneManifest_Generation = YES;
				INFOPLIST_KEY_UIApplicationSupportsIndirectInputEvents = YES;
				INFOPLIST_KEY_UILaunchScreen_Generation = YES;
				INFOPLIST_KEY_UISupportedInterfaceOrientations_iPad = "UIInterfaceOrientationPortrait UIInterfaceOrientationPortraitUpsideDown UIInterfaceOrientationLandscapeLeft UIInterfaceOrientationLandscapeRight";
				INFOPLIST_KEY_UISupportedInterfaceOrientations_iPhone = "UIInterfaceOrientationPortrait UIInterfaceOrientationLandscapeLeft UIInterfaceOrientationLandscapeRight";
				IPHONEOS_DEPLOYMENT_TARGET = 26.0;
				LD_RUNPATH_SEARCH_PATHS = (
					"$(inherited)",
					"@executable_path/Frameworks",
				);
				MARKETING_VERSION = 1.0;
				PRODUCT_BUNDLE_IDENTIFIER = eu.myk8s;
				PRODUCT_NAME = "$(TARGET_NAME)";
				SWIFT_EMIT_LOC_STRINGS = YES;
				SWIFT_VERSION = 5.0;
				TARGETED_DEVICE_FAMILY = "1,2";
			};
			name = Release;
		};
/* End XCBuildConfiguration section */

/* Begin XCConfigurationList section */
		392056822FE91E6E0001859C /* Build configuration list for PBXNativeTarget "RelayanceUITests" */ = {
			isa = XCConfigurationList;
			buildConfigurations = (
				392056802FE91E6E0001859C /* Debug */,
				392056812FE91E6E0001859C /* Release */,
			);
			defaultConfigurationIsVisible = 0;
			defaultConfigurationName = Release;
		};
		39CFBD832FD9EA2C00DAAC16 /* Build configuration list for PBXNativeTarget "RelayanceTests" */ = {
			isa = XCConfigurationList;
			buildConfigurations = (
				39CFBD842FD9EA2C00DAAC16 /* Debug */,
				39CFBD852FD9EA2C00DAAC16 /* Release */,
			);
			defaultConfigurationIsVisible = 0;
			defaultConfigurationName = Release;
		};
		422740682C3BF4DC00E7522C /* Build configuration list for PBXProject "Relayance" */ = {
			isa = XCConfigurationList;
			buildConfigurations = (
				4227408F2C3BF4DD00E7522C /* Debug */,
				422740902C3BF4DD00E7522C /* Release */,
			);
			defaultConfigurationIsVisible = 0;
			defaultConfigurationName = Release;
		};
		422740912C3BF4DD00E7522C /* Build configuration list for PBXNativeTarget "Relayance" */ = {
			isa = XCConfigurationList;
			buildConfigurations = (
				422740922C3BF4DD00E7522C /* Debug */,
				422740932C3BF4DD00E7522C /* Release */,
			);
			defaultConfigurationIsVisible = 0;
			defaultConfigurationName = Release;
		};
/* End XCConfigurationList section */
	};
	rootObject = 422740652C3BF4DC00E7522C /* Project object */;
}
